
Microsoft Visual Studio Solution File, Format Version 12.00
# Visual Studio Version 17
VisualStudioVersion = 17.9.34701.34
MinimumVisualStudioVersion = 10.0.40219.1
Project("{FAE04EC0-301F-11D3-BF4B-00C04F79EFBC}") = "KitapCafe_", "KitapCafe_\KitapCafe_.csproj", "{812F8190-4141-4824-84B8-C0537DA8B50E}"
EndProject
Project("{FAE04EC0-301F-11D3-BF4B-00C04F79EFBC}") = "Entities", "Entities\Entities.csproj", "{A9C4CC7B-4D2E-40FD-A258-D3A2A856EFE9}"
EndProject
Project("{FAE04EC0-301F-11D3-BF4B-00C04F79EFBC}") = "DataAccess", "DataAccess\DataAccess.csproj", "{37BB50CC-F091-4B53-A5BA-9BFC43C3E885}"
EndProject
Global
	GlobalSection(SolutionConfigurationPlatforms) = preSolution
		Debug|Any CPU = Debug|Any CPU
		Release|Any CPU = Release|Any CPU
	EndGlobalSection
	GlobalSection(ProjectConfigurationPlatforms) = postSolution
		{812F8190-4141-4824-84B8-C0537DA8B50E}.Debug|Any CPU.ActiveCfg = Debug|Any CPU
		{812F8190-4141-4824-84B8-C0537DA8B50E}.Debug|Any CPU.Build.0 = Debug|Any CPU
		{812F8190-4141-4824-84B8-C0537DA8B50E}.Release|Any CPU.ActiveCfg = Release|Any CPU
		{812F8190-4141-4824-84B8-C0537DA8B50E}.Release|Any CPU.Build.0 = Release|Any CPU
		{A9C4CC7B-4D2E-40FD-A258-D3A2A856EFE9}.Debug|Any CPU.ActiveCfg = Debug|Any CPU
		{A9C4CC7B-4D2E-40FD-A258-D3A2A856EFE9}.Debug|Any CPU.Build.0 = Debug|Any CPU
		{A9C4CC7B-4D2E-40FD-A258-D3A2A856EFE9}.Release|Any CPU.ActiveCfg = Release|Any CPU
		{A9C4CC7B-4D2E-40FD-A258-D3A2A856EFE9}.Release|Any CPU.Build.0 = Release|Any CPU
		{37BB50CC-F091-4B53-A5BA-9BFC43C3E885}.Debug|Any CPU.ActiveCfg = Debug|Any CPU
		{37BB50CC-F091-4B53-A5BA-9BFC43C3E885}.Debug|Any CPU.Build.0 = Debug|Any CPU
		{37BB50CC-F091-4B53-A5BA-9BFC43C3E885}.Release|Any CPU.ActiveCfg = Release|Any CPU
		{37BB50CC-F091-4B53-A5BA-9BFC43C3E885}.Release|Any CPU.Build.0 = Release|Any CPU
	EndGlobalSection
	GlobalSection(SolutionProperties) = preSolution
		HideSolutionNode = FALSE
	EndGlobalSection
	GlobalSection(ExtensibilityGlobals) = postSolution
		SolutionGuid = {E1316519-F3D3-4F76-AF9D-20FD8B25DC06}
	EndGlobalSection
EndGlobal
